
Microsoft Visual Studio Solution File, Format Version 12.00
# Visual Studio Version 17
VisualStudioVersion = 17.6.33829.357
MinimumVisualStudioVersion = 10.0.40219.1
Project("{FAE04EC0-301F-11D3-BF4B-00C04F79EFBC}") = "ConversorMoneda", "ConversorMoneda\ConversorMoneda.csproj", "{EAC51373-C74B-4BE2-8001-09BC02551FC5}"
EndProject
Global
	GlobalSection(SolutionConfigurationPlatforms) = preSolution
		Debug|Any CPU = Debug|Any CPU
		Release|Any CPU = Release|Any CPU
	EndGlobalSection
	GlobalSection(ProjectConfigurationPlatforms) = postSolution
		{EAC51373-C74B-4BE2-8001-09BC02551FC5}.Debug|Any CPU.ActiveCfg = Debug|Any CPU
		{EAC51373-C74B-4BE2-8001-09BC02551FC5}.Debug|Any CPU.Build.0 = Debug|Any CPU
		{EAC51373-C74B-4BE2-8001-09BC02551FC5}.Release|Any CPU.ActiveCfg = Release|Any CPU
		{EAC51373-C74B-4BE2-8001-09BC02551FC5}.Release|Any CPU.Build.0 = Release|Any CPU
	EndGlobalSection
	GlobalSection(SolutionProperties) = preSolution
		HideSolutionNode = FALSE
	EndGlobalSection
	GlobalSection(ExtensibilityGlobals) = postSolution
		SolutionGuid = {82E3A9E6-C960-4657-8A28-9791EC779815}
	EndGlobalSection
EndGlobal
