
Microsoft Visual Studio Solution File, Format Version 12.00
# Visual Studio Version 17
VisualStudioVersion = 17.6.33829.357
MinimumVisualStudioVersion = 10.0.40219.1
Project("{FAE04EC0-301F-11D3-BF4B-00C04F79EFBC}") = "EjemploDelegados", "EjemploDelegados\EjemploDelegados.csproj", "{4CBE4D81-9BB8-4594-9F1B-36F991DC3BAF}"
EndProject
Global
	GlobalSection(SolutionConfigurationPlatforms) = preSolution
		Debug|Any CPU = Debug|Any CPU
		Release|Any CPU = Release|Any CPU
	EndGlobalSection
	GlobalSection(ProjectConfigurationPlatforms) = postSolution
		{4CBE4D81-9BB8-4594-9F1B-36F991DC3BAF}.Debug|Any CPU.ActiveCfg = Debug|Any CPU
		{4CBE4D81-9BB8-4594-9F1B-36F991DC3BAF}.Debug|Any CPU.Build.0 = Debug|Any CPU
		{4CBE4D81-9BB8-4594-9F1B-36F991DC3BAF}.Release|Any CPU.ActiveCfg = Release|Any CPU
		{4CBE4D81-9BB8-4594-9F1B-36F991DC3BAF}.Release|Any CPU.Build.0 = Release|Any CPU
	EndGlobalSection
	GlobalSection(SolutionProperties) = preSolution
		HideSolutionNode = FALSE
	EndGlobalSection
	GlobalSection(ExtensibilityGlobals) = postSolution
		SolutionGuid = {1395FB40-34A7-4392-A6EF-7D2743418E25}
	EndGlobalSection
EndGlobal
