
Microsoft Visual Studio Solution File, Format Version 12.00
# Visual Studio Version 17
VisualStudioVersion = 17.6.33829.357
MinimumVisualStudioVersion = 10.0.40219.1
Project("{FAE04EC0-301F-11D3-BF4B-00C04F79EFBC}") = "ProyectoMVC", "ProyectoMVC\ProyectoMVC.csproj", "{EBCE4F56-FE2B-45F0-B902-0D4822D324A2}"
EndProject
Global
	GlobalSection(SolutionConfigurationPlatforms) = preSolution
		Debug|Any CPU = Debug|Any CPU
		Release|Any CPU = Release|Any CPU
	EndGlobalSection
	GlobalSection(ProjectConfigurationPlatforms) = postSolution
		{EBCE4F56-FE2B-45F0-B902-0D4822D324A2}.Debug|Any CPU.ActiveCfg = Debug|Any CPU
		{EBCE4F56-FE2B-45F0-B902-0D4822D324A2}.Debug|Any CPU.Build.0 = Debug|Any CPU
		{EBCE4F56-FE2B-45F0-B902-0D4822D324A2}.Release|Any CPU.ActiveCfg = Release|Any CPU
		{EBCE4F56-FE2B-45F0-B902-0D4822D324A2}.Release|Any CPU.Build.0 = Release|Any CPU
	EndGlobalSection
	GlobalSection(SolutionProperties) = preSolution
		HideSolutionNode = FALSE
	EndGlobalSection
	GlobalSection(ExtensibilityGlobals) = postSolution
		SolutionGuid = {A0038449-12AB-4414-B2B9-6D90F1BDAB34}
	EndGlobalSection
EndGlobal
