
Microsoft Visual Studio Solution File, Format Version 12.00
# Visual Studio Version 17
VisualStudioVersion = 17.6.33829.357
MinimumVisualStudioVersion = 10.0.40219.1
Project("{FAE04EC0-301F-11D3-BF4B-00C04F79EFBC}") = "Delegado", "Delegado\Delegado.csproj", "{329ADCFA-F7AD-4B01-A6A8-ED4AEF9A6DF8}"
EndProject
Global
	GlobalSection(SolutionConfigurationPlatforms) = preSolution
		Debug|Any CPU = Debug|Any CPU
		Release|Any CPU = Release|Any CPU
	EndGlobalSection
	GlobalSection(ProjectConfigurationPlatforms) = postSolution
		{329ADCFA-F7AD-4B01-A6A8-ED4AEF9A6DF8}.Debug|Any CPU.ActiveCfg = Debug|Any CPU
		{329ADCFA-F7AD-4B01-A6A8-ED4AEF9A6DF8}.Debug|Any CPU.Build.0 = Debug|Any CPU
		{329ADCFA-F7AD-4B01-A6A8-ED4AEF9A6DF8}.Release|Any CPU.ActiveCfg = Release|Any CPU
		{329ADCFA-F7AD-4B01-A6A8-ED4AEF9A6DF8}.Release|Any CPU.Build.0 = Release|Any CPU
	EndGlobalSection
	GlobalSection(SolutionProperties) = preSolution
		HideSolutionNode = FALSE
	EndGlobalSection
	GlobalSection(ExtensibilityGlobals) = postSolution
		SolutionGuid = {E86F8933-BA24-4BFC-AFBE-CCFA8FDCEB9F}
	EndGlobalSection
EndGlobal
