
Microsoft Visual Studio Solution File, Format Version 12.00
# Visual Studio Version 17
VisualStudioVersion = 17.6.33829.357
MinimumVisualStudioVersion = 10.0.40219.1
Project("{FAE04EC0-301F-11D3-BF4B-00C04F79EFBC}") = "API", "API\API.csproj", "{166D1E5C-2BA1-469C-BFA1-E074643320A8}"
EndProject
Project("{FAE04EC0-301F-11D3-BF4B-00C04F79EFBC}") = "Entidades", "Entidades\Entidades.csproj", "{AF5043D4-3941-483F-B0D0-ED40F508A4F8}"
EndProject
Project("{FAE04EC0-301F-11D3-BF4B-00C04F79EFBC}") = "EntidadesDTO", "EntidadesDTO\EntidadesDTO.csproj", "{ADA8F684-D5F4-41CD-BE55-3C6678E9C245}"
EndProject
Project("{FAE04EC0-301F-11D3-BF4B-00C04F79EFBC}") = "Repositorios", "Repositorios\Repositorios.csproj", "{FB2C9BEE-1C74-42BF-B1E9-AE1AD4CCFE9D}"
EndProject
Project("{FAE04EC0-301F-11D3-BF4B-00C04F79EFBC}") = "Context", "Context\Context.csproj", "{8EE593E7-D550-419E-9584-8B444D28ACDD}"
EndProject
Global
	GlobalSection(SolutionConfigurationPlatforms) = preSolution
		Debug|Any CPU = Debug|Any CPU
		Release|Any CPU = Release|Any CPU
	EndGlobalSection
	GlobalSection(ProjectConfigurationPlatforms) = postSolution
		{166D1E5C-2BA1-469C-BFA1-E074643320A8}.Debug|Any CPU.ActiveCfg = Debug|Any CPU
		{166D1E5C-2BA1-469C-BFA1-E074643320A8}.Debug|Any CPU.Build.0 = Debug|Any CPU
		{166D1E5C-2BA1-469C-BFA1-E074643320A8}.Release|Any CPU.ActiveCfg = Release|Any CPU
		{166D1E5C-2BA1-469C-BFA1-E074643320A8}.Release|Any CPU.Build.0 = Release|Any CPU
		{AF5043D4-3941-483F-B0D0-ED40F508A4F8}.Debug|Any CPU.ActiveCfg = Debug|Any CPU
		{AF5043D4-3941-483F-B0D0-ED40F508A4F8}.Debug|Any CPU.Build.0 = Debug|Any CPU
		{AF5043D4-3941-483F-B0D0-ED40F508A4F8}.Release|Any CPU.ActiveCfg = Release|Any CPU
		{AF5043D4-3941-483F-B0D0-ED40F508A4F8}.Release|Any CPU.Build.0 = Release|Any CPU
		{ADA8F684-D5F4-41CD-BE55-3C6678E9C245}.Debug|Any CPU.ActiveCfg = Debug|Any CPU
		{ADA8F684-D5F4-41CD-BE55-3C6678E9C245}.Debug|Any CPU.Build.0 = Debug|Any CPU
		{ADA8F684-D5F4-41CD-BE55-3C6678E9C245}.Release|Any CPU.ActiveCfg = Release|Any CPU
		{ADA8F684-D5F4-41CD-BE55-3C6678E9C245}.Release|Any CPU.Build.0 = Release|Any CPU
		{FB2C9BEE-1C74-42BF-B1E9-AE1AD4CCFE9D}.Debug|Any CPU.ActiveCfg = Debug|Any CPU
		{FB2C9BEE-1C74-42BF-B1E9-AE1AD4CCFE9D}.Debug|Any CPU.Build.0 = Debug|Any CPU
		{FB2C9BEE-1C74-42BF-B1E9-AE1AD4CCFE9D}.Release|Any CPU.ActiveCfg = Release|Any CPU
		{FB2C9BEE-1C74-42BF-B1E9-AE1AD4CCFE9D}.Release|Any CPU.Build.0 = Release|Any CPU
		{8EE593E7-D550-419E-9584-8B444D28ACDD}.Debug|Any CPU.ActiveCfg = Debug|Any CPU
		{8EE593E7-D550-419E-9584-8B444D28ACDD}.Debug|Any CPU.Build.0 = Debug|Any CPU
		{8EE593E7-D550-419E-9584-8B444D28ACDD}.Release|Any CPU.ActiveCfg = Release|Any CPU
		{8EE593E7-D550-419E-9584-8B444D28ACDD}.Release|Any CPU.Build.0 = Release|Any CPU
	EndGlobalSection
	GlobalSection(SolutionProperties) = preSolution
		HideSolutionNode = FALSE
	EndGlobalSection
	GlobalSection(ExtensibilityGlobals) = postSolution
		SolutionGuid = {C2AF2703-A209-4087-B22B-A0CFE1B7A49F}
	EndGlobalSection
EndGlobal
